
Microsoft Visual Studio Solution File, Format Version 12.00
# Visual Studio 15
VisualStudioVersion = 15.0.26206.0
MinimumVisualStudioVersion = 10.0.40219.1
Project("{9A19103F-16F7-4668-BE54-9A1E7A4F7556}") = "Sisyphus.Core", "src\Sisyphus.Core\Sisyphus.Core.csproj", "{423CC545-F645-445A-B945-3830C719182F}"
EndProject
Project("{2150E333-8FDC-42A3-9474-1A3956D46DE8}") = "Jobs", "Jobs", "{E22CB0C2-FFAE-45B1-938C-0847B5B8D264}"
EndProject
Project("{9A19103F-16F7-4668-BE54-9A1E7A4F7556}") = "Sisyphus.Jobs.Example", "src\Sisyphus.Jobs.Example\Sisyphus.Jobs.Example.csproj", "{986B8C8D-0BA2-43C6-940B-206D807291E2}"
EndProject
Project("{9A19103F-16F7-4668-BE54-9A1E7A4F7556}") = "Sisyphus.Jobs.HealthCheck", "src\Sisyphus.Jobs.HealthCheck\Sisyphus.Jobs.HealthCheck.csproj", "{5D2AD6EC-7915-4DFA-8655-90560D131C12}"
EndProject
Project("{2150E333-8FDC-42A3-9474-1A3956D46DE8}") = "_", "_", "{256659AA-5E1B-4924-BCD4-FEC1DDC20334}"
	ProjectSection(SolutionItems) = preProject
		.gitattributes = .gitattributes
		.gitignore = .gitignore
		LICENSE = LICENSE
		NuGet.config = NuGet.config
		README.md = README.md
	EndProjectSection
EndProject
Project("{9A19103F-16F7-4668-BE54-9A1E7A4F7556}") = "HangFire.Autofac", "src\submodules\HangFire.Autofac\HangFire.Autofac.csproj", "{D0444380-60F1-4FCD-B2BE-63FB7F011F98}"
EndProject
Project("{2150E333-8FDC-42A3-9474-1A3956D46DE8}") = "Submodules", "Submodules", "{2541E82D-2330-4990-A672-CD3F2989F50A}"
EndProject
Project("{FAE04EC0-301F-11D3-BF4B-00C04F79EFBC}") = "Sisyphus.Engine", "src\Sisyphus.Engine\Sisyphus.Engine.csproj", "{C54E9B53-612A-4EC3-A938-9B8298D56DE7}"
EndProject
Project("{FAE04EC0-301F-11D3-BF4B-00C04F79EFBC}") = "Sisyphus.ConsoleUI", "src\Sisyphus.ConsoleUI\Sisyphus.ConsoleUI.csproj", "{CE4A14E5-71B9-4B3E-8F95-503B55DE5F15}"
EndProject
Global
	GlobalSection(SolutionConfigurationPlatforms) = preSolution
		Debug|Any CPU = Debug|Any CPU
		Debug|x64 = Debug|x64
		Debug|x86 = Debug|x86
		Release|Any CPU = Release|Any CPU
		Release|x64 = Release|x64
		Release|x86 = Release|x86
	EndGlobalSection
	GlobalSection(ProjectConfigurationPlatforms) = postSolution
		{423CC545-F645-445A-B945-3830C719182F}.Debug|Any CPU.ActiveCfg = Debug|Any CPU
		{423CC545-F645-445A-B945-3830C719182F}.Debug|Any CPU.Build.0 = Debug|Any CPU
		{423CC545-F645-445A-B945-3830C719182F}.Debug|x64.ActiveCfg = Debug|x64
		{423CC545-F645-445A-B945-3830C719182F}.Debug|x64.Build.0 = Debug|x64
		{423CC545-F645-445A-B945-3830C719182F}.Debug|x86.ActiveCfg = Debug|x86
		{423CC545-F645-445A-B945-3830C719182F}.Debug|x86.Build.0 = Debug|x86
		{423CC545-F645-445A-B945-3830C719182F}.Release|Any CPU.ActiveCfg = Release|Any CPU
		{423CC545-F645-445A-B945-3830C719182F}.Release|Any CPU.Build.0 = Release|Any CPU
		{423CC545-F645-445A-B945-3830C719182F}.Release|x64.ActiveCfg = Release|x64
		{423CC545-F645-445A-B945-3830C719182F}.Release|x64.Build.0 = Release|x64
		{423CC545-F645-445A-B945-3830C719182F}.Release|x86.ActiveCfg = Release|x86
		{423CC545-F645-445A-B945-3830C719182F}.Release|x86.Build.0 = Release|x86
		{986B8C8D-0BA2-43C6-940B-206D807291E2}.Debug|Any CPU.ActiveCfg = Debug|Any CPU
		{986B8C8D-0BA2-43C6-940B-206D807291E2}.Debug|Any CPU.Build.0 = Debug|Any CPU
		{986B8C8D-0BA2-43C6-940B-206D807291E2}.Debug|x64.ActiveCfg = Debug|x64
		{986B8C8D-0BA2-43C6-940B-206D807291E2}.Debug|x64.Build.0 = Debug|x64
		{986B8C8D-0BA2-43C6-940B-206D807291E2}.Debug|x86.ActiveCfg = Debug|x86
		{986B8C8D-0BA2-43C6-940B-206D807291E2}.Debug|x86.Build.0 = Debug|x86
		{986B8C8D-0BA2-43C6-940B-206D807291E2}.Release|Any CPU.ActiveCfg = Release|Any CPU
		{986B8C8D-0BA2-43C6-940B-206D807291E2}.Release|Any CPU.Build.0 = Release|Any CPU
		{986B8C8D-0BA2-43C6-940B-206D807291E2}.Release|x64.ActiveCfg = Release|x64
		{986B8C8D-0BA2-43C6-940B-206D807291E2}.Release|x64.Build.0 = Release|x64
		{986B8C8D-0BA2-43C6-940B-206D807291E2}.Release|x86.ActiveCfg = Release|x86
		{986B8C8D-0BA2-43C6-940B-206D807291E2}.Release|x86.Build.0 = Release|x86
		{5D2AD6EC-7915-4DFA-8655-90560D131C12}.Debug|Any CPU.ActiveCfg = Debug|Any CPU
		{5D2AD6EC-7915-4DFA-8655-90560D131C12}.Debug|Any CPU.Build.0 = Debug|Any CPU
		{5D2AD6EC-7915-4DFA-8655-90560D131C12}.Debug|x64.ActiveCfg = Debug|x64
		{5D2AD6EC-7915-4DFA-8655-90560D131C12}.Debug|x64.Build.0 = Debug|x64
		{5D2AD6EC-7915-4DFA-8655-90560D131C12}.Debug|x86.ActiveCfg = Debug|x86
		{5D2AD6EC-7915-4DFA-8655-90560D131C12}.Debug|x86.Build.0 = Debug|x86
		{5D2AD6EC-7915-4DFA-8655-90560D131C12}.Release|Any CPU.ActiveCfg = Release|Any CPU
		{5D2AD6EC-7915-4DFA-8655-90560D131C12}.Release|Any CPU.Build.0 = Release|Any CPU
		{5D2AD6EC-7915-4DFA-8655-90560D131C12}.Release|x64.ActiveCfg = Release|x64
		{5D2AD6EC-7915-4DFA-8655-90560D131C12}.Release|x64.Build.0 = Release|x64
		{5D2AD6EC-7915-4DFA-8655-90560D131C12}.Release|x86.ActiveCfg = Release|x86
		{5D2AD6EC-7915-4DFA-8655-90560D131C12}.Release|x86.Build.0 = Release|x86
		{D0444380-60F1-4FCD-B2BE-63FB7F011F98}.Debug|Any CPU.ActiveCfg = Debug|Any CPU
		{D0444380-60F1-4FCD-B2BE-63FB7F011F98}.Debug|Any CPU.Build.0 = Debug|Any CPU
		{D0444380-60F1-4FCD-B2BE-63FB7F011F98}.Debug|x64.ActiveCfg = Debug|x64
		{D0444380-60F1-4FCD-B2BE-63FB7F011F98}.Debug|x64.Build.0 = Debug|x64
		{D0444380-60F1-4FCD-B2BE-63FB7F011F98}.Debug|x86.ActiveCfg = Debug|x86
		{D0444380-60F1-4FCD-B2BE-63FB7F011F98}.Debug|x86.Build.0 = Debug|x86
		{D0444380-60F1-4FCD-B2BE-63FB7F011F98}.Release|Any CPU.ActiveCfg = Release|Any CPU
		{D0444380-60F1-4FCD-B2BE-63FB7F011F98}.Release|Any CPU.Build.0 = Release|Any CPU
		{D0444380-60F1-4FCD-B2BE-63FB7F011F98}.Release|x64.ActiveCfg = Release|x64
		{D0444380-60F1-4FCD-B2BE-63FB7F011F98}.Release|x64.Build.0 = Release|x64
		{D0444380-60F1-4FCD-B2BE-63FB7F011F98}.Release|x86.ActiveCfg = Release|x86
		{D0444380-60F1-4FCD-B2BE-63FB7F011F98}.Release|x86.Build.0 = Release|x86
		{C54E9B53-612A-4EC3-A938-9B8298D56DE7}.Debug|Any CPU.ActiveCfg = Debug|Any CPU
		{C54E9B53-612A-4EC3-A938-9B8298D56DE7}.Debug|Any CPU.Build.0 = Debug|Any CPU
		{C54E9B53-612A-4EC3-A938-9B8298D56DE7}.Debug|x64.ActiveCfg = Debug|x64
		{C54E9B53-612A-4EC3-A938-9B8298D56DE7}.Debug|x64.Build.0 = Debug|x64
		{C54E9B53-612A-4EC3-A938-9B8298D56DE7}.Debug|x86.ActiveCfg = Debug|x86
		{C54E9B53-612A-4EC3-A938-9B8298D56DE7}.Debug|x86.Build.0 = Debug|x86
		{C54E9B53-612A-4EC3-A938-9B8298D56DE7}.Release|Any CPU.ActiveCfg = Release|Any CPU
		{C54E9B53-612A-4EC3-A938-9B8298D56DE7}.Release|Any CPU.Build.0 = Release|Any CPU
		{C54E9B53-612A-4EC3-A938-9B8298D56DE7}.Release|x64.ActiveCfg = Release|x64
		{C54E9B53-612A-4EC3-A938-9B8298D56DE7}.Release|x64.Build.0 = Release|x64
		{C54E9B53-612A-4EC3-A938-9B8298D56DE7}.Release|x86.ActiveCfg = Release|x86
		{C54E9B53-612A-4EC3-A938-9B8298D56DE7}.Release|x86.Build.0 = Release|x86
		{CE4A14E5-71B9-4B3E-8F95-503B55DE5F15}.Debug|Any CPU.ActiveCfg = Debug|Any CPU
		{CE4A14E5-71B9-4B3E-8F95-503B55DE5F15}.Debug|Any CPU.Build.0 = Debug|Any CPU
		{CE4A14E5-71B9-4B3E-8F95-503B55DE5F15}.Debug|x64.ActiveCfg = Debug|x64
		{CE4A14E5-71B9-4B3E-8F95-503B55DE5F15}.Debug|x64.Build.0 = Debug|x64
		{CE4A14E5-71B9-4B3E-8F95-503B55DE5F15}.Debug|x86.ActiveCfg = Debug|x86
		{CE4A14E5-71B9-4B3E-8F95-503B55DE5F15}.Debug|x86.Build.0 = Debug|x86
		{CE4A14E5-71B9-4B3E-8F95-503B55DE5F15}.Release|Any CPU.ActiveCfg = Release|Any CPU
		{CE4A14E5-71B9-4B3E-8F95-503B55DE5F15}.Release|Any CPU.Build.0 = Release|Any CPU
		{CE4A14E5-71B9-4B3E-8F95-503B55DE5F15}.Release|x64.ActiveCfg = Release|x64
		{CE4A14E5-71B9-4B3E-8F95-503B55DE5F15}.Release|x64.Build.0 = Release|x64
		{CE4A14E5-71B9-4B3E-8F95-503B55DE5F15}.Release|x86.ActiveCfg = Release|x86
		{CE4A14E5-71B9-4B3E-8F95-503B55DE5F15}.Release|x86.Build.0 = Release|x86
	EndGlobalSection
	GlobalSection(SolutionProperties) = preSolution
		HideSolutionNode = FALSE
	EndGlobalSection
	GlobalSection(NestedProjects) = preSolution
		{986B8C8D-0BA2-43C6-940B-206D807291E2} = {E22CB0C2-FFAE-45B1-938C-0847B5B8D264}
		{5D2AD6EC-7915-4DFA-8655-90560D131C12} = {E22CB0C2-FFAE-45B1-938C-0847B5B8D264}
		{D0444380-60F1-4FCD-B2BE-63FB7F011F98} = {2541E82D-2330-4990-A672-CD3F2989F50A}
	EndGlobalSection
EndGlobal
