
Microsoft Visual Studio Solution File, Format Version 12.00
# Visual Studio 15
VisualStudioVersion = 15.0.26206.0
MinimumVisualStudioVersion = 10.0.40219.1
Project("{FAE04EC0-301F-11D3-BF4B-00C04F79EFBC}") = "Sisyphus.Core", "src\Sisyphus.Core\Sisyphus.Core.csproj", "{423CC545-F645-445A-B945-3830C719182F}"
EndProject
Project("{FAE04EC0-301F-11D3-BF4B-00C04F79EFBC}") = "Sisyphus.Service", "src\Sisyphus.Service\Sisyphus.Service.csproj", "{E515EDCC-1D61-4826-BEC0-C9280ED4EB91}"
EndProject
Project("{2150E333-8FDC-42A3-9474-1A3956D46DE8}") = "Jobs", "Jobs", "{E22CB0C2-FFAE-45B1-938C-0847B5B8D264}"
EndProject
Project("{FAE04EC0-301F-11D3-BF4B-00C04F79EFBC}") = "Sisyphus.Jobs.Example", "src\Sisyphus.Jobs.Example\Sisyphus.Jobs.Example.csproj", "{986B8C8D-0BA2-43C6-940B-206D807291E2}"
EndProject
Project("{FAE04EC0-301F-11D3-BF4B-00C04F79EFBC}") = "Sisyphus.Jobs.HealthCheck", "src\Sisyphus.Jobs.HealthCheck\Sisyphus.Jobs.HealthCheck.csproj", "{5D2AD6EC-7915-4DFA-8655-90560D131C12}"
EndProject
Project("{2150E333-8FDC-42A3-9474-1A3956D46DE8}") = "_", "_", "{256659AA-5E1B-4924-BCD4-FEC1DDC20334}"
	ProjectSection(SolutionItems) = preProject
		.gitattributes = .gitattributes
		.gitignore = .gitignore
		LICENSE = LICENSE
		NuGet.config = NuGet.config
		README.md = README.md
	EndProjectSection
EndProject
Global
	GlobalSection(SolutionConfigurationPlatforms) = preSolution
		Debug|Any CPU = Debug|Any CPU
		Debug|x64 = Debug|x64
		Debug|x86 = Debug|x86
		Release|Any CPU = Release|Any CPU
		Release|x64 = Release|x64
		Release|x86 = Release|x86
	EndGlobalSection
	GlobalSection(ProjectConfigurationPlatforms) = postSolution
		{423CC545-F645-445A-B945-3830C719182F}.Debug|Any CPU.ActiveCfg = Debug|Any CPU
		{423CC545-F645-445A-B945-3830C719182F}.Debug|Any CPU.Build.0 = Debug|Any CPU
		{423CC545-F645-445A-B945-3830C719182F}.Debug|x64.ActiveCfg = Debug|x64
		{423CC545-F645-445A-B945-3830C719182F}.Debug|x64.Build.0 = Debug|x64
		{423CC545-F645-445A-B945-3830C719182F}.Debug|x86.ActiveCfg = Debug|x86
		{423CC545-F645-445A-B945-3830C719182F}.Debug|x86.Build.0 = Debug|x86
		{423CC545-F645-445A-B945-3830C719182F}.Release|Any CPU.ActiveCfg = Release|Any CPU
		{423CC545-F645-445A-B945-3830C719182F}.Release|Any CPU.Build.0 = Release|Any CPU
		{423CC545-F645-445A-B945-3830C719182F}.Release|x64.ActiveCfg = Release|x64
		{423CC545-F645-445A-B945-3830C719182F}.Release|x64.Build.0 = Release|x64
		{423CC545-F645-445A-B945-3830C719182F}.Release|x86.ActiveCfg = Release|x86
		{423CC545-F645-445A-B945-3830C719182F}.Release|x86.Build.0 = Release|x86
		{E515EDCC-1D61-4826-BEC0-C9280ED4EB91}.Debug|Any CPU.ActiveCfg = Debug|Any CPU
		{E515EDCC-1D61-4826-BEC0-C9280ED4EB91}.Debug|Any CPU.Build.0 = Debug|Any CPU
		{E515EDCC-1D61-4826-BEC0-C9280ED4EB91}.Debug|x64.ActiveCfg = Debug|x64
		{E515EDCC-1D61-4826-BEC0-C9280ED4EB91}.Debug|x64.Build.0 = Debug|x64
		{E515EDCC-1D61-4826-BEC0-C9280ED4EB91}.Debug|x86.ActiveCfg = Debug|x86
		{E515EDCC-1D61-4826-BEC0-C9280ED4EB91}.Debug|x86.Build.0 = Debug|x86
		{E515EDCC-1D61-4826-BEC0-C9280ED4EB91}.Release|Any CPU.ActiveCfg = Release|Any CPU
		{E515EDCC-1D61-4826-BEC0-C9280ED4EB91}.Release|Any CPU.Build.0 = Release|Any CPU
		{E515EDCC-1D61-4826-BEC0-C9280ED4EB91}.Release|x64.ActiveCfg = Release|x64
		{E515EDCC-1D61-4826-BEC0-C9280ED4EB91}.Release|x64.Build.0 = Release|x64
		{E515EDCC-1D61-4826-BEC0-C9280ED4EB91}.Release|x86.ActiveCfg = Release|x86
		{E515EDCC-1D61-4826-BEC0-C9280ED4EB91}.Release|x86.Build.0 = Release|x86
		{986B8C8D-0BA2-43C6-940B-206D807291E2}.Debug|Any CPU.ActiveCfg = Debug|Any CPU
		{986B8C8D-0BA2-43C6-940B-206D807291E2}.Debug|Any CPU.Build.0 = Debug|Any CPU
		{986B8C8D-0BA2-43C6-940B-206D807291E2}.Debug|x64.ActiveCfg = Debug|x64
		{986B8C8D-0BA2-43C6-940B-206D807291E2}.Debug|x64.Build.0 = Debug|x64
		{986B8C8D-0BA2-43C6-940B-206D807291E2}.Debug|x86.ActiveCfg = Debug|x86
		{986B8C8D-0BA2-43C6-940B-206D807291E2}.Debug|x86.Build.0 = Debug|x86
		{986B8C8D-0BA2-43C6-940B-206D807291E2}.Release|Any CPU.ActiveCfg = Release|Any CPU
		{986B8C8D-0BA2-43C6-940B-206D807291E2}.Release|Any CPU.Build.0 = Release|Any CPU
		{986B8C8D-0BA2-43C6-940B-206D807291E2}.Release|x64.ActiveCfg = Release|x64
		{986B8C8D-0BA2-43C6-940B-206D807291E2}.Release|x64.Build.0 = Release|x64
		{986B8C8D-0BA2-43C6-940B-206D807291E2}.Release|x86.ActiveCfg = Release|x86
		{986B8C8D-0BA2-43C6-940B-206D807291E2}.Release|x86.Build.0 = Release|x86
		{5D2AD6EC-7915-4DFA-8655-90560D131C12}.Debug|Any CPU.ActiveCfg = Debug|Any CPU
		{5D2AD6EC-7915-4DFA-8655-90560D131C12}.Debug|Any CPU.Build.0 = Debug|Any CPU
		{5D2AD6EC-7915-4DFA-8655-90560D131C12}.Debug|x64.ActiveCfg = Debug|x64
		{5D2AD6EC-7915-4DFA-8655-90560D131C12}.Debug|x64.Build.0 = Debug|x64
		{5D2AD6EC-7915-4DFA-8655-90560D131C12}.Debug|x86.ActiveCfg = Debug|x86
		{5D2AD6EC-7915-4DFA-8655-90560D131C12}.Debug|x86.Build.0 = Debug|x86
		{5D2AD6EC-7915-4DFA-8655-90560D131C12}.Release|Any CPU.ActiveCfg = Release|Any CPU
		{5D2AD6EC-7915-4DFA-8655-90560D131C12}.Release|Any CPU.Build.0 = Release|Any CPU
		{5D2AD6EC-7915-4DFA-8655-90560D131C12}.Release|x64.ActiveCfg = Release|x64
		{5D2AD6EC-7915-4DFA-8655-90560D131C12}.Release|x64.Build.0 = Release|x64
		{5D2AD6EC-7915-4DFA-8655-90560D131C12}.Release|x86.ActiveCfg = Release|x86
		{5D2AD6EC-7915-4DFA-8655-90560D131C12}.Release|x86.Build.0 = Release|x86
	EndGlobalSection
	GlobalSection(SolutionProperties) = preSolution
		HideSolutionNode = FALSE
	EndGlobalSection
	GlobalSection(NestedProjects) = preSolution
		{986B8C8D-0BA2-43C6-940B-206D807291E2} = {E22CB0C2-FFAE-45B1-938C-0847B5B8D264}
		{5D2AD6EC-7915-4DFA-8655-90560D131C12} = {E22CB0C2-FFAE-45B1-938C-0847B5B8D264}
	EndGlobalSection
EndGlobal
